
Microsoft Visual Studio Solution File, Format Version 12.00
# Visual Studio Version 16
VisualStudioVersion = 16.0.31321.278
MinimumVisualStudioVersion = 10.0.40219.1
Project("{9A19103F-16F7-4668-BE54-9A1E7A4F7556}") = "ABCo.ABSharedKV", "ABCo.ABSharedKV\ABCo.ABSharedKV.csproj", "{E4D869EA-6F5E-4880-8DDD-84C1D3D73DE4}"
EndProject
Project("{9A19103F-16F7-4668-BE54-9A1E7A4F7556}") = "ABCo.ABSharedKV.Background", "ABCo.ABSharedKV.Background\ABCo.ABSharedKV.Background.csproj", "{56425521-8E29-4976-988C-8127E01C887F}"
EndProject
Project("{9A19103F-16F7-4668-BE54-9A1E7A4F7556}") = "ABCo.ABSharedKV.UnitTests", "ABCo.ABSharedKV.UnitTests\ABCo.ABSharedKV.UnitTests.csproj", "{A62B95FA-574C-4BB9-B5B3-06D2172251E7}"
EndProject
Global
	GlobalSection(SolutionConfigurationPlatforms) = preSolution
		Debug|Any CPU = Debug|Any CPU
		Release|Any CPU = Release|Any CPU
	EndGlobalSection
	GlobalSection(ProjectConfigurationPlatforms) = postSolution
		{E4D869EA-6F5E-4880-8DDD-84C1D3D73DE4}.Debug|Any CPU.ActiveCfg = Debug|Any CPU
		{E4D869EA-6F5E-4880-8DDD-84C1D3D73DE4}.Debug|Any CPU.Build.0 = Debug|Any CPU
		{E4D869EA-6F5E-4880-8DDD-84C1D3D73DE4}.Release|Any CPU.ActiveCfg = Release|Any CPU
		{E4D869EA-6F5E-4880-8DDD-84C1D3D73DE4}.Release|Any CPU.Build.0 = Release|Any CPU
		{56425521-8E29-4976-988C-8127E01C887F}.Debug|Any CPU.ActiveCfg = Debug|Any CPU
		{56425521-8E29-4976-988C-8127E01C887F}.Debug|Any CPU.Build.0 = Debug|Any CPU
		{56425521-8E29-4976-988C-8127E01C887F}.Release|Any CPU.ActiveCfg = Release|Any CPU
		{56425521-8E29-4976-988C-8127E01C887F}.Release|Any CPU.Build.0 = Release|Any CPU
		{A62B95FA-574C-4BB9-B5B3-06D2172251E7}.Debug|Any CPU.ActiveCfg = Debug|Any CPU
		{A62B95FA-574C-4BB9-B5B3-06D2172251E7}.Debug|Any CPU.Build.0 = Debug|Any CPU
		{A62B95FA-574C-4BB9-B5B3-06D2172251E7}.Release|Any CPU.ActiveCfg = Release|Any CPU
		{A62B95FA-574C-4BB9-B5B3-06D2172251E7}.Release|Any CPU.Build.0 = Release|Any CPU
	EndGlobalSection
	GlobalSection(SolutionProperties) = preSolution
		HideSolutionNode = FALSE
	EndGlobalSection
	GlobalSection(ExtensibilityGlobals) = postSolution
		SolutionGuid = {31FE4885-5D69-4502-A1F2-780905840D67}
	EndGlobalSection
EndGlobal
